
Microsoft Visual Studio Solution File, Format Version 12.00
# Visual Studio Version 17
VisualStudioVersion = 17.0.31903.59
MinimumVisualStudioVersion = 10.0.40219.1
Project("{2150E333-8FDC-42A3-9474-1A3956D46DE8}") = "src", "src", "{81B2B715-B829-4A1D-A4A1-3422DCA7CF03}"
EndProject
Project("{FAE04EC0-301F-11D3-BF4B-00C04F79EFBC}") = "Snap.Engine", "src\Snap.Engine\Snap.Engine.csproj", "{C2BB093D-6762-4B34-83E1-2836FFA8036A}"
EndProject
Project("{FAE04EC0-301F-11D3-BF4B-00C04F79EFBC}") = "Snap.Packer", "src\Snap.Packer\Snap.Packer.csproj", "{37EE4CCF-4015-4D05-9D97-B606CE57D750}"
EndProject
Project("{FAE04EC0-301F-11D3-BF4B-00C04F79EFBC}") = "Snap.CLI", "src\Snap.CLI\Snap.CLI.csproj", "{F04BB3B8-FCBD-4BAB-8837-E9FCE983DDA6}"
EndProject
Global
	GlobalSection(SolutionConfigurationPlatforms) = preSolution
		Debug|Any CPU = Debug|Any CPU
		Release|Any CPU = Release|Any CPU
	EndGlobalSection
	GlobalSection(ProjectConfigurationPlatforms) = postSolution
		{C2BB093D-6762-4B34-83E1-2836FFA8036A}.Debug|Any CPU.ActiveCfg = Debug|Any CPU
		{C2BB093D-6762-4B34-83E1-2836FFA8036A}.Debug|Any CPU.Build.0 = Debug|Any CPU
		{C2BB093D-6762-4B34-83E1-2836FFA8036A}.Release|Any CPU.ActiveCfg = Release|Any CPU
		{C2BB093D-6762-4B34-83E1-2836FFA8036A}.Release|Any CPU.Build.0 = Release|Any CPU
		{37EE4CCF-4015-4D05-9D97-B606CE57D750}.Debug|Any CPU.ActiveCfg = Debug|Any CPU
		{37EE4CCF-4015-4D05-9D97-B606CE57D750}.Debug|Any CPU.Build.0 = Debug|Any CPU
		{37EE4CCF-4015-4D05-9D97-B606CE57D750}.Release|Any CPU.ActiveCfg = Release|Any CPU
		{37EE4CCF-4015-4D05-9D97-B606CE57D750}.Release|Any CPU.Build.0 = Release|Any CPU
		{F04BB3B8-FCBD-4BAB-8837-E9FCE983DDA6}.Debug|Any CPU.ActiveCfg = Debug|Any CPU
		{F04BB3B8-FCBD-4BAB-8837-E9FCE983DDA6}.Debug|Any CPU.Build.0 = Debug|Any CPU
		{F04BB3B8-FCBD-4BAB-8837-E9FCE983DDA6}.Release|Any CPU.ActiveCfg = Release|Any CPU
		{F04BB3B8-FCBD-4BAB-8837-E9FCE983DDA6}.Release|Any CPU.Build.0 = Release|Any CPU
	EndGlobalSection
	GlobalSection(SolutionProperties) = preSolution
		HideSolutionNode = FALSE
	EndGlobalSection
	GlobalSection(NestedProjects) = preSolution
		{C2BB093D-6762-4B34-83E1-2836FFA8036A} = {81B2B715-B829-4A1D-A4A1-3422DCA7CF03}
		{37EE4CCF-4015-4D05-9D97-B606CE57D750} = {81B2B715-B829-4A1D-A4A1-3422DCA7CF03}
		{F04BB3B8-FCBD-4BAB-8837-E9FCE983DDA6} = {81B2B715-B829-4A1D-A4A1-3422DCA7CF03}
	EndGlobalSection
EndGlobal
